// !$*UTF8*$!
{
	archiveVersion = 1;
	classes = {
	};
	objectVersion = 50;
	objects = {

/* Begin PBXBuildFile section */
		FFE3378E25D58F4F0096D26C /* AppDelegate.swift in Sources */ = {isa = PBXBuildFile; fileRef = FFE3378D25D58F4F0096D26C /* AppDelegate.swift */; };
		FFE3379025D58F4F0096D26C /* SceneDelegate.swift in Sources */ = {isa = PBXBuildFile; fileRef = FFE3378F25D58F4F0096D26C /* SceneDelegate.swift */; };
		FFE3379225D58F4F0096D26C /* FirstViewController.swift in Sources */ = {isa = PBXBuildFile; fileRef = FFE3379125D58F4F0096D26C /* FirstViewController.swift */; };
		FFE3379525D58F4F0096D26C /* Main.storyboard in Resources */ = {isa = PBXBuildFile; fileRef = FFE3379325D58F4F0096D26C /* Main.storyboard */; };
		FFE3379725D58F530096D26C /* Assets.xcassets in Resources */ = {isa = PBXBuildFile; fileRef = FFE3379625D58F530096D26C /* Assets.xcassets */; };
		FFE3379A25D58F530096D26C /* LaunchScreen.storyboard in Resources */ = {isa = PBXBuildFile; fileRef = FFE3379825D58F530096D26C /* LaunchScreen.storyboard */; };
		FFE337A525D58F530096D26C /* AnimationsTests.swift in Sources */ = {isa = PBXBuildFile; fileRef = FFE337A425D58F530096D26C /* AnimationsTests.swift */; };
		FFE337B025D58F530096D26C /* AnimationsUITests.swift in Sources */ = {isa = PBXBuildFile; fileRef = FFE337AF25D58F530096D26C /* AnimationsUITests.swift */; };
		FFE337C225D58FC00096D26C /* Animator.swift in Sources */ = {isa = PBXBuildFile; fileRef = FFE337C125D58FC00096D26C /* Animator.swift */; };
		FFE337CA25D58FF80096D26C /* SecondViewController.swift in Sources */ = {isa = PBXBuildFile; fileRef = FFE337C925D58FF80096D26C /* SecondViewController.swift */; };
		FFE337CF25D591AF0096D26C /* CollectionViewCell.swift in Sources */ = {isa = PBXBuildFile; fileRef = FFE337CE25D591AF0096D26C /* CollectionViewCell.swift */; };
		FFE337D425D591F70096D26C /* DataManager.swift in Sources */ = {isa = PBXBuildFile; fileRef = FFE337D325D591F70096D26C /* DataManager.swift */; };
		FFE9488D25D836A200B65ED3 /* ThirdViewController.swift in Sources */ = {isa = PBXBuildFile; fileRef = FFE9488C25D836A200B65ED3 /* ThirdViewController.swift */; };
		FFE9489425D8410200B65ED3 /* play.gif in Resources */ = {isa = PBXBuildFile; fileRef = FFE9489325D8410200B65ED3 /* play.gif */; };
/* End PBXBuildFile section */

/* Begin PBXContainerItemProxy section */
		FFE337A125D58F530096D26C /* PBXContainerItemProxy */ = {
			isa = PBXContainerItemProxy;
			containerPortal = FFE3378225D58F4F0096D26C /* Project object */;
			proxyType = 1;
			remoteGlobalIDString = FFE3378925D58F4F0096D26C;
			remoteInfo = Animations;
		};
		FFE337AC25D58F530096D26C /* PBXContainerItemProxy */ = {
			isa = PBXContainerItemProxy;
			containerPortal = FFE3378225D58F4F0096D26C /* Project object */;
			proxyType = 1;
			remoteGlobalIDString = FFE3378925D58F4F0096D26C;
			remoteInfo = Animations;
		};
/* End PBXContainerItemProxy section */

/* Begin PBXFileReference section */
		FFE3378A25D58F4F0096D26C /* Animations.app */ = {isa = PBXFileReference; explicitFileType = wrapper.application; includeInIndex = 0; path = Animations.app; sourceTree = BUILT_PRODUCTS_DIR; };
		FFE3378D25D58F4F0096D26C /* AppDelegate.swift */ = {isa = PBXFileReference; lastKnownFileType = sourcecode.swift; path = AppDelegate.swift; sourceTree = "<group>"; };
		FFE3378F25D58F4F0096D26C /* SceneDelegate.swift */ = {isa = PBXFileReference; lastKnownFileType = sourcecode.swift; path = SceneDelegate.swift; sourceTree = "<group>"; };
		FFE3379125D58F4F0096D26C /* FirstViewController.swift */ = {isa = PBXFileReference; lastKnownFileType = sourcecode.swift; path = FirstViewController.swift; sourceTree = "<group>"; };
		FFE3379425D58F4F0096D26C /* Base */ = {isa = PBXFileReference; lastKnownFileType = file.storyboard; name = Base; path = Base.lproj/Main.storyboard; sourceTree = "<group>"; };
		FFE3379625D58F530096D26C /* Assets.xcassets */ = {isa = PBXFileReference; lastKnownFileType = folder.assetcatalog; path = Assets.xcassets; sourceTree = "<group>"; };
		FFE3379925D58F530096D26C /* Base */ = {isa = PBXFileReference; lastKnownFileType = file.storyboard; name = Base; path = Base.lproj/LaunchScreen.storyboard; sourceTree = "<group>"; };
		FFE3379B25D58F530096D26C /* Info.plist */ = {isa = PBXFileReference; lastKnownFileType = text.plist.xml; path = Info.plist; sourceTree = "<group>"; };
		FFE337A025D58F530096D26C /* AnimationsTests.xctest */ = {isa = PBXFileReference; explicitFileType = wrapper.cfbundle; includeInIndex = 0; path = AnimationsTests.xctest; sourceTree = BUILT_PRODUCTS_DIR; };
		FFE337A425D58F530096D26C /* AnimationsTests.swift */ = {isa = PBXFileReference; lastKnownFileType = sourcecode.swift; path = AnimationsTests.swift; sourceTree = "<group>"; };
		FFE337A625D58F530096D26C /* Info.plist */ = {isa = PBXFileReference; lastKnownFileType = text.plist.xml; path = Info.plist; sourceTree = "<group>"; };
		FFE337AB25D58F530096D26C /* AnimationsUITests.xctest */ = {isa = PBXFileReference; explicitFileType = wrapper.cfbundle; includeInIndex = 0; path = AnimationsUITests.xctest; sourceTree = BUILT_PRODUCTS_DIR; };
		FFE337AF25D58F530096D26C /* AnimationsUITests.swift */ = {isa = PBXFileReference; lastKnownFileType = sourcecode.swift; path = AnimationsUITests.swift; sourceTree = "<group>"; };
		FFE337B125D58F530096D26C /* Info.plist */ = {isa = PBXFileReference; lastKnownFileType = text.plist.xml; path = Info.plist; sourceTree = "<group>"; };
		FFE337C125D58FC00096D26C /* Animator.swift */ = {isa = PBXFileReference; fileEncoding = 4; lastKnownFileType = sourcecode.swift; path = Animator.swift; sourceTree = "<group>"; };
		FFE337C925D58FF80096D26C /* SecondViewController.swift */ = {isa = PBXFileReference; lastKnownFileType = sourcecode.swift; path = SecondViewController.swift; sourceTree = "<group>"; };
		FFE337CE25D591AF0096D26C /* CollectionViewCell.swift */ = {isa = PBXFileReference; fileEncoding = 4; lastKnownFileType = sourcecode.swift; path = CollectionViewCell.swift; sourceTree = "<group>"; };
		FFE337D325D591F70096D26C /* DataManager.swift */ = {isa = PBXFileReference; fileEncoding = 4; lastKnownFileType = sourcecode.swift; path = DataManager.swift; sourceTree = "<group>"; };
		FFE9488C25D836A200B65ED3 /* ThirdViewController.swift */ = {isa = PBXFileReference; lastKnownFileType = sourcecode.swift; path = ThirdViewController.swift; sourceTree = "<group>"; };
		FFE9489325D8410200B65ED3 /* play.gif */ = {isa = PBXFileReference; lastKnownFileType = image.gif; path = play.gif; sourceTree = "<group>"; };
/* End PBXFileReference section */

/* Begin PBXFrameworksBuildPhase section */
		FFE3378725D58F4F0096D26C /* Frameworks */ = {
			isa = PBXFrameworksBuildPhase;
			buildActionMask = 2147483647;
			files = (
			);
			runOnlyForDeploymentPostprocessing = 0;
		};
		FFE3379D25D58F530096D26C /* Frameworks */ = {
			isa = PBXFrameworksBuildPhase;
			buildActionMask = 2147483647;
			files = (
			);
			runOnlyForDeploymentPostprocessing = 0;
		};
		FFE337A825D58F530096D26C /* Frameworks */ = {
			isa = PBXFrameworksBuildPhase;
			buildActionMask = 2147483647;
			files = (
			);
			runOnlyForDeploymentPostprocessing = 0;
		};
/* End PBXFrameworksBuildPhase section */

/* Begin PBXGroup section */
		FF5F04FD25D6DF13005D5503 /* ViewController */ = {
			isa = PBXGroup;
			children = (
				FFE3379125D58F4F0096D26C /* FirstViewController.swift */,
				FFE337C925D58FF80096D26C /* SecondViewController.swift */,
				FFE9488C25D836A200B65ED3 /* ThirdViewController.swift */,
			);
			path = ViewController;
			sourceTree = "<group>";
		};
		FFE3378125D58F4F0096D26C = {
			isa = PBXGroup;
			children = (
				FFE3378C25D58F4F0096D26C /* Animations */,
				FFE337A325D58F530096D26C /* AnimationsTests */,
				FFE337AE25D58F530096D26C /* AnimationsUITests */,
				FFE3378B25D58F4F0096D26C /* Products */,
			);
			sourceTree = "<group>";
		};
		FFE3378B25D58F4F0096D26C /* Products */ = {
			isa = PBXGroup;
			children = (
				FFE3378A25D58F4F0096D26C /* Animations.app */,
				FFE337A025D58F530096D26C /* AnimationsTests.xctest */,
				FFE337AB25D58F530096D26C /* AnimationsUITests.xctest */,
			);
			name = Products;
			sourceTree = "<group>";
		};
		FFE3378C25D58F4F0096D26C /* Animations */ = {
			isa = PBXGroup;
			children = (
				FF5F04FD25D6DF13005D5503 /* ViewController */,
				FFE337C025D58FA90096D26C /* Constants */,
				FFE3378D25D58F4F0096D26C /* AppDelegate.swift */,
				FFE3378F25D58F4F0096D26C /* SceneDelegate.swift */,
				FFE9489325D8410200B65ED3 /* play.gif */,
				FFE337CE25D591AF0096D26C /* CollectionViewCell.swift */,
				FFE3379325D58F4F0096D26C /* Main.storyboard */,
				FFE3379825D58F530096D26C /* LaunchScreen.storyboard */,
				FFE3379B25D58F530096D26C /* Info.plist */,
			);
			path = Animations;
			sourceTree = "<group>";
		};
		FFE337A325D58F530096D26C /* AnimationsTests */ = {
			isa = PBXGroup;
			children = (
				FFE337A425D58F530096D26C /* AnimationsTests.swift */,
				FFE337A625D58F530096D26C /* Info.plist */,
			);
			path = AnimationsTests;
			sourceTree = "<group>";
		};
		FFE337AE25D58F530096D26C /* AnimationsUITests */ = {
			isa = PBXGroup;
			children = (
				FFE337AF25D58F530096D26C /* AnimationsUITests.swift */,
				FFE337B125D58F530096D26C /* Info.plist */,
			);
			path = AnimationsUITests;
			sourceTree = "<group>";
		};
		FFE337C025D58FA90096D26C /* Constants */ = {
			isa = PBXGroup;
			children = (
				FFE3379625D58F530096D26C /* Assets.xcassets */,
				FFE337D325D591F70096D26C /* DataManager.swift */,
				FFE337C125D58FC00096D26C /* Animator.swift */,
			);
			path = Constants;
			sourceTree = "<group>";
		};
/* End PBXGroup section */

/* Begin PBXNativeTarget section */
		FFE3378925D58F4F0096D26C /* Animations */ = {
			isa = PBXNativeTarget;
			buildConfigurationList = FFE337B425D58F530096D26C /* Build configuration list for PBXNativeTarget "Animations" */;
			buildPhases = (
				FFE3378625D58F4F0096D26C /* Sources */,
				FFE3378725D58F4F0096D26C /* Frameworks */,
				FFE3378825D58F4F0096D26C /* Resources */,
			);
			buildRules = (
			);
			dependencies = (
			);
			name = Animations;
			productName = Animations;
			productReference = FFE3378A25D58F4F0096D26C /* Animations.app */;
			productType = "com.apple.product-type.application";
		};
		FFE3379F25D58F530096D26C /* AnimationsTests */ = {
			isa = PBXNativeTarget;
			buildConfigurationList = FFE337B725D58F530096D26C /* Build configuration list for PBXNativeTarget "AnimationsTests" */;
			buildPhases = (
				FFE3379C25D58F530096D26C /* Sources */,
				FFE3379D25D58F530096D26C /* Frameworks */,
				FFE3379E25D58F530096D26C /* Resources */,
			);
			buildRules = (
			);
			dependencies = (
				FFE337A225D58F530096D26C /* PBXTargetDependency */,
			);
			name = AnimationsTests;
			productName = AnimationsTests;
			productReference = FFE337A025D58F530096D26C /* AnimationsTests.xctest */;
			productType = "com.apple.product-type.bundle.unit-test";
		};
		FFE337AA25D58F530096D26C /* AnimationsUITests */ = {
			isa = PBXNativeTarget;
			buildConfigurationList = FFE337BA25D58F530096D26C /* Build configuration list for PBXNativeTarget "AnimationsUITests" */;
			buildPhases = (
				FFE337A725D58F530096D26C /* Sources */,
				FFE337A825D58F530096D26C /* Frameworks */,
				FFE337A925D58F530096D26C /* Resources */,
			);
			buildRules = (
			);
			dependencies = (
				FFE337AD25D58F530096D26C /* PBXTargetDependency */,
			);
			name = AnimationsUITests;
			productName = AnimationsUITests;
			productReference = FFE337AB25D58F530096D26C /* AnimationsUITests.xctest */;
			productType = "com.apple.product-type.bundle.ui-testing";
		};
/* End PBXNativeTarget section */

/* Begin PBXProject section */
		FFE3378225D58F4F0096D26C /* Project object */ = {
			isa = PBXProject;
			attributes = {
				LastSwiftUpdateCheck = 1240;
				LastUpgradeCheck = 1240;
				TargetAttributes = {
					FFE3378925D58F4F0096D26C = {
						CreatedOnToolsVersion = 12.4;
					};
					FFE3379F25D58F530096D26C = {
						CreatedOnToolsVersion = 12.4;
						TestTargetID = FFE3378925D58F4F0096D26C;
					};
					FFE337AA25D58F530096D26C = {
						CreatedOnToolsVersion = 12.4;
						TestTargetID = FFE3378925D58F4F0096D26C;
					};
				};
			};
			buildConfigurationList = FFE3378525D58F4F0096D26C /* Build configuration list for PBXProject "Animations" */;
			compatibilityVersion = "Xcode 9.3";
			developmentRegion = en;
			hasScannedForEncodings = 0;
			knownRegions = (
				en,
				Base,
			);
			mainGroup = FFE3378125D58F4F0096D26C;
			productRefGroup = FFE3378B25D58F4F0096D26C /* Products */;
			projectDirPath = "";
			projectRoot = "";
			targets = (
				FFE3378925D58F4F0096D26C /* Animations */,
				FFE3379F25D58F530096D26C /* AnimationsTests */,
				FFE337AA25D58F530096D26C /* AnimationsUITests */,
			);
		};
/* End PBXProject section */

/* Begin PBXResourcesBuildPhase section */
		FFE3378825D58F4F0096D26C /* Resources */ = {
			isa = PBXResourcesBuildPhase;
			buildActionMask = 2147483647;
			files = (
				FFE3379A25D58F530096D26C /* LaunchScreen.storyboard in Resources */,
				FFE9489425D8410200B65ED3 /* play.gif in Resources */,
				FFE3379725D58F530096D26C /* Assets.xcassets in Resources */,
				FFE3379525D58F4F0096D26C /* Main.storyboard in Resources */,
			);
			runOnlyForDeploymentPostprocessing = 0;
		};
		FFE3379E25D58F530096D26C /* Resources */ = {
			isa = PBXResourcesBuildPhase;
			buildActionMask = 2147483647;
			files = (
			);
			runOnlyForDeploymentPostprocessing = 0;
		};
		FFE337A925D58F530096D26C /* Resources */ = {
			isa = PBXResourcesBuildPhase;
			buildActionMask = 2147483647;
			files = (
			);
			runOnlyForDeploymentPostprocessing = 0;
		};
/* End PBXResourcesBuildPhase section */

/* Begin PBXSourcesBuildPhase section */
		FFE3378625D58F4F0096D26C /* Sources */ = {
			isa = PBXSourcesBuildPhase;
			buildActionMask = 2147483647;
			files = (
				FFE337C225D58FC00096D26C /* Animator.swift in Sources */,
				FFE3379225D58F4F0096D26C /* FirstViewController.swift in Sources */,
				FFE337CF25D591AF0096D26C /* CollectionViewCell.swift in Sources */,
				FFE337D425D591F70096D26C /* DataManager.swift in Sources */,
				FFE3378E25D58F4F0096D26C /* AppDelegate.swift in Sources */,
				FFE337CA25D58FF80096D26C /* SecondViewController.swift in Sources */,
				FFE9488D25D836A200B65ED3 /* ThirdViewController.swift in Sources */,
				FFE3379025D58F4F0096D26C /* SceneDelegate.swift in Sources */,
			);
			runOnlyForDeploymentPostprocessing = 0;
		};
		FFE3379C25D58F530096D26C /* Sources */ = {
			isa = PBXSourcesBuildPhase;
			buildActionMask = 2147483647;
			files = (
				FFE337A525D58F530096D26C /* AnimationsTests.swift in Sources */,
			);
			runOnlyForDeploymentPostprocessing = 0;
		};
		FFE337A725D58F530096D26C /* Sources */ = {
			isa = PBXSourcesBuildPhase;
			buildActionMask = 2147483647;
			files = (
				FFE337B025D58F530096D26C /* AnimationsUITests.swift in Sources */,
			);
			runOnlyForDeploymentPostprocessing = 0;
		};
/* End PBXSourcesBuildPhase section */

/* Begin PBXTargetDependency section */
		FFE337A225D58F530096D26C /* PBXTargetDependency */ = {
			isa = PBXTargetDependency;
			target = FFE3378925D58F4F0096D26C /* Animations */;
			targetProxy = FFE337A125D58F530096D26C /* PBXContainerItemProxy */;
		};
		FFE337AD25D58F530096D26C /* PBXTargetDependency */ = {
			isa = PBXTargetDependency;
			target = FFE3378925D58F4F0096D26C /* Animations */;
			targetProxy = FFE337AC25D58F530096D26C /* PBXContainerItemProxy */;
		};
/* End PBXTargetDependency section */

/* Begin PBXVariantGroup section */
		FFE3379325D58F4F0096D26C /* Main.storyboard */ = {
			isa = PBXVariantGroup;
			children = (
				FFE3379425D58F4F0096D26C /* Base */,
			);
			name = Main.storyboard;
			sourceTree = "<group>";
		};
		FFE3379825D58F530096D26C /* LaunchScreen.storyboard */ = {
			isa = PBXVariantGroup;
			children = (
				FFE3379925D58F530096D26C /* Base */,
			);
			name = LaunchScreen.storyboard;
			sourceTree = "<group>";
		};
/* End PBXVariantGroup section */

/* Begin XCBuildConfiguration section */
		FFE337B225D58F530096D26C /* Debug */ = {
			isa = XCBuildConfiguration;
			buildSettings = {
				ALWAYS_SEARCH_USER_PATHS = NO;
				CLANG_ANALYZER_NONNULL = YES;
				CLANG_ANALYZER_NUMBER_OBJECT_CONVERSION = YES_AGGRESSIVE;
				CLANG_CXX_LANGUAGE_STANDARD = "gnu++14";
				CLANG_CXX_LIBRARY = "libc++";
				CLANG_ENABLE_MODULES = YES;
				CLANG_ENABLE_OBJC_ARC = YES;
				CLANG_ENABLE_OBJC_WEAK = YES;
				CLANG_WARN_BLOCK_CAPTURE_AUTORELEASING = YES;
				CLANG_WARN_BOOL_CONVERSION = YES;
				CLANG_WARN_COMMA = YES;
				CLANG_WARN_CONSTANT_CONVERSION = YES;
				CLANG_WARN_DEPRECATED_OBJC_IMPLEMENTATIONS = YES;
				CLANG_WARN_DIRECT_OBJC_ISA_USAGE = YES_ERROR;
				CLANG_WARN_DOCUMENTATION_COMMENTS = YES;
				CLANG_WARN_EMPTY_BODY = YES;
				CLANG_WARN_ENUM_CONVERSION = YES;
				CLANG_WARN_INFINITE_RECURSION = YES;
				CLANG_WARN_INT_CONVERSION = YES;
				CLANG_WARN_NON_LITERAL_NULL_CONVERSION = YES;
				CLANG_WARN_OBJC_IMPLICIT_RETAIN_SELF = YES;
				CLANG_WARN_OBJC_LITERAL_CONVERSION = YES;
				CLANG_WARN_OBJC_ROOT_CLASS = YES_ERROR;
				CLANG_WARN_QUOTED_INCLUDE_IN_FRAMEWORK_HEADER = YES;
				CLANG_WARN_RANGE_LOOP_ANALYSIS = YES;
				CLANG_WARN_STRICT_PROTOTYPES = YES;
				CLANG_WARN_SUSPICIOUS_MOVE = YES;
				CLANG_WARN_UNGUARDED_AVAILABILITY = YES_AGGRESSIVE;
				CLANG_WARN_UNREACHABLE_CODE = YES;
				CLANG_WARN__DUPLICATE_METHOD_MATCH = YES;
				COPY_PHASE_STRIP = NO;
				DEBUG_INFORMATION_FORMAT = dwarf;
				ENABLE_STRICT_OBJC_MSGSEND = YES;
				ENABLE_TESTABILITY = YES;
				GCC_C_LANGUAGE_STANDARD = gnu11;
				GCC_DYNAMIC_NO_PIC = NO;
				GCC_NO_COMMON_BLOCKS = YES;
				GCC_OPTIMIZATION_LEVEL = 0;
				GCC_PREPROCESSOR_DEFINITIONS = (
					"DEBUG=1",
					"$(inherited)",
				);
				GCC_WARN_64_TO_32_BIT_CONVERSION = YES;
				GCC_WARN_ABOUT_RETURN_TYPE = YES_ERROR;
				GCC_WARN_UNDECLARED_SELECTOR = YES;
				GCC_WARN_UNINITIALIZED_AUTOS = YES_AGGRESSIVE;
				GCC_WARN_UNUSED_FUNCTION = YES;
				GCC_WARN_UNUSED_VARIABLE = YES;
				IPHONEOS_DEPLOYMENT_TARGET = 14.4;
				MTL_ENABLE_DEBUG_INFO = INCLUDE_SOURCE;
				MTL_FAST_MATH = YES;
				ONLY_ACTIVE_ARCH = YES;
				SDKROOT = iphoneos;
				SWIFT_ACTIVE_COMPILATION_CONDITIONS = DEBUG;
				SWIFT_OPTIMIZATION_LEVEL = "-Onone";
			};
			name = Debug;
		};
		FFE337B325D58F530096D26C /* Release */ = {
			isa = XCBuildConfiguration;
			buildSettings = {
				ALWAYS_SEARCH_USER_PATHS = NO;
				CLANG_ANALYZER_NONNULL = YES;
				CLANG_ANALYZER_NUMBER_OBJECT_CONVERSION = YES_AGGRESSIVE;
				CLANG_CXX_LANGUAGE_STANDARD = "gnu++14";
				CLANG_CXX_LIBRARY = "libc++";
				CLANG_ENABLE_MODULES = YES;
				CLANG_ENABLE_OBJC_ARC = YES;
				CLANG_ENABLE_OBJC_WEAK = YES;
				CLANG_WARN_BLOCK_CAPTURE_AUTORELEASING = YES;
				CLANG_WARN_BOOL_CONVERSION = YES;
				CLANG_WARN_COMMA = YES;
				CLANG_WARN_CONSTANT_CONVERSION = YES;
				CLANG_WARN_DEPRECATED_OBJC_IMPLEMENTATIONS = YES;
				CLANG_WARN_DIRECT_OBJC_ISA_USAGE = YES_ERROR;
				CLANG_WARN_DOCUMENTATION_COMMENTS = YES;
				CLANG_WARN_EMPTY_BODY = YES;
				CLANG_WARN_ENUM_CONVERSION = YES;
				CLANG_WARN_INFINITE_RECURSION = YES;
				CLANG_WARN_INT_CONVERSION = YES;
				CLANG_WARN_NON_LITERAL_NULL_CONVERSION = YES;
				CLANG_WARN_OBJC_IMPLICIT_RETAIN_SELF = YES;
				CLANG_WARN_OBJC_LITERAL_CONVERSION = YES;
				CLANG_WARN_OBJC_ROOT_CLASS = YES_ERROR;
				CLANG_WARN_QUOTED_INCLUDE_IN_FRAMEWORK_HEADER = YES;
				CLANG_WARN_RANGE_LOOP_ANALYSIS = YES;
				CLANG_WARN_STRICT_PROTOTYPES = YES;
				CLANG_WARN_SUSPICIOUS_MOVE = YES;
				CLANG_WARN_UNGUARDED_AVAILABILITY = YES_AGGRESSIVE;
				CLANG_WARN_UNREACHABLE_CODE = YES;
				CLANG_WARN__DUPLICATE_METHOD_MATCH = YES;
				COPY_PHASE_STRIP = NO;
				DEBUG_INFORMATION_FORMAT = "dwarf-with-dsym";
				ENABLE_NS_ASSERTIONS = NO;
				ENABLE_STRICT_OBJC_MSGSEND = YES;
				GCC_C_LANGUAGE_STANDARD = gnu11;
				GCC_NO_COMMON_BLOCKS = YES;
				GCC_WARN_64_TO_32_BIT_CONVERSION = YES;
				GCC_WARN_ABOUT_RETURN_TYPE = YES_ERROR;
				GCC_WARN_UNDECLARED_SELECTOR = YES;
				GCC_WARN_UNINITIALIZED_AUTOS = YES_AGGRESSIVE;
				GCC_WARN_UNUSED_FUNCTION = YES;
				GCC_WARN_UNUSED_VARIABLE = YES;
				IPHONEOS_DEPLOYMENT_TARGET = 14.4;
				MTL_ENABLE_DEBUG_INFO = NO;
				MTL_FAST_MATH = YES;
				SDKROOT = iphoneos;
				SWIFT_COMPILATION_MODE = wholemodule;
				SWIFT_OPTIMIZATION_LEVEL = "-O";
				VALIDATE_PRODUCT = YES;
			};
			name = Release;
		};
		FFE337B525D58F530096D26C /* Debug */ = {
			isa = XCBuildConfiguration;
			buildSettings = {
				ASSETCATALOG_COMPILER_APPICON_NAME = AppIcon;
				ASSETCATALOG_COMPILER_GLOBAL_ACCENT_COLOR_NAME = AccentColor;
				CODE_SIGN_STYLE = Automatic;
				INFOPLIST_FILE = Animations/Info.plist;
				LD_RUNPATH_SEARCH_PATHS = (
					"$(inherited)",
					"@executable_path/Frameworks",
				);
				PRODUCT_BUNDLE_IDENTIFIER = com.animation.swift.Animations;
				PRODUCT_NAME = "$(TARGET_NAME)";
				SWIFT_VERSION = 5.0;
				TARGETED_DEVICE_FAMILY = "1,2";
			};
			name = Debug;
		};
		FFE337B625D58F530096D26C /* Release */ = {
			isa = XCBuildConfiguration;
			buildSettings = {
				ASSETCATALOG_COMPILER_APPICON_NAME = AppIcon;
				ASSETCATALOG_COMPILER_GLOBAL_ACCENT_COLOR_NAME = AccentColor;
				CODE_SIGN_STYLE = Automatic;
				INFOPLIST_FILE = Animations/Info.plist;
				LD_RUNPATH_SEARCH_PATHS = (
					"$(inherited)",
					"@executable_path/Frameworks",
				);
				PRODUCT_BUNDLE_IDENTIFIER = com.animation.swift.Animations;
				PRODUCT_NAME = "$(TARGET_NAME)";
				SWIFT_VERSION = 5.0;
				TARGETED_DEVICE_FAMILY = "1,2";
			};
			name = Release;
		};
		FFE337B825D58F530096D26C /* Debug */ = {
			isa = XCBuildConfiguration;
			buildSettings = {
				ALWAYS_EMBED_SWIFT_STANDARD_LIBRARIES = YES;
				BUNDLE_LOADER = "$(TEST_HOST)";
				CODE_SIGN_STYLE = Automatic;
				INFOPLIST_FILE = AnimationsTests/Info.plist;
				IPHONEOS_DEPLOYMENT_TARGET = 14.4;
				LD_RUNPATH_SEARCH_PATHS = (
					"$(inherited)",
					"@executable_path/Frameworks",
					"@loader_path/Frameworks",
				);
				PRODUCT_BUNDLE_IDENTIFIER = com.animation.swift.AnimationsTests;
				PRODUCT_NAME = "$(TARGET_NAME)";
				SWIFT_VERSION = 5.0;
				TARGETED_DEVICE_FAMILY = "1,2";
				TEST_HOST = "$(BUILT_PRODUCTS_DIR)/Animations.app/Animations";
			};
			name = Debug;
		};
		FFE337B925D58F530096D26C /* Release */ = {
			isa = XCBuildConfiguration;
			buildSettings = {
				ALWAYS_EMBED_SWIFT_STANDARD_LIBRARIES = YES;
				BUNDLE_LOADER = "$(TEST_HOST)";
				CODE_SIGN_STYLE = Automatic;
				INFOPLIST_FILE = AnimationsTests/Info.plist;
				IPHONEOS_DEPLOYMENT_TARGET = 14.4;
				LD_RUNPATH_SEARCH_PATHS = (
					"$(inherited)",
					"@executable_path/Frameworks",
					"@loader_path/Frameworks",
				);
				PRODUCT_BUNDLE_IDENTIFIER = com.animation.swift.AnimationsTests;
				PRODUCT_NAME = "$(TARGET_NAME)";
				SWIFT_VERSION = 5.0;
				TARGETED_DEVICE_FAMILY = "1,2";
				TEST_HOST = "$(BUILT_PRODUCTS_DIR)/Animations.app/Animations";
			};
			name = Release;
		};
		FFE337BB25D58F530096D26C /* Debug */ = {
			isa = XCBuildConfiguration;
			buildSettings = {
				ALWAYS_EMBED_SWIFT_STANDARD_LIBRARIES = YES;
				CODE_SIGN_STYLE = Automatic;
				INFOPLIST_FILE = AnimationsUITests/Info.plist;
				LD_RUNPATH_SEARCH_PATHS = (
					"$(inherited)",
					"@executable_path/Frameworks",
					"@loader_path/Frameworks",
				);
				PRODUCT_BUNDLE_IDENTIFIER = com.animation.swift.AnimationsUITests;
				PRODUCT_NAME = "$(TARGET_NAME)";
				SWIFT_VERSION = 5.0;
				TARGETED_DEVICE_FAMILY = "1,2";
				TEST_TARGET_NAME = Animations;
			};
			name = Debug;
		};
		FFE337BC25D58F530096D26C /* Release */ = {
			isa = XCBuildConfiguration;
			buildSettings = {
				ALWAYS_EMBED_SWIFT_STANDARD_LIBRARIES = YES;
				CODE_SIGN_STYLE = Automatic;
				INFOPLIST_FILE = AnimationsUITests/Info.plist;
				LD_RUNPATH_SEARCH_PATHS = (
					"$(inherited)",
					"@executable_path/Frameworks",
					"@loader_path/Frameworks",
				);
				PRODUCT_BUNDLE_IDENTIFIER = com.animation.swift.AnimationsUITests;
				PRODUCT_NAME = "$(TARGET_NAME)";
				SWIFT_VERSION = 5.0;
				TARGETED_DEVICE_FAMILY = "1,2";
				TEST_TARGET_NAME = Animations;
			};
			name = Release;
		};
/* End XCBuildConfiguration section */

/* Begin XCConfigurationList section */
		FFE3378525D58F4F0096D26C /* Build configuration list for PBXProject "Animations" */ = {
			isa = XCConfigurationList;
			buildConfigurations = (
				FFE337B225D58F530096D26C /* Debug */,
				FFE337B325D58F530096D26C /* Release */,
			);
			defaultConfigurationIsVisible = 0;
			defaultConfigurationName = Release;
		};
		FFE337B425D58F530096D26C /* Build configuration list for PBXNativeTarget "Animations" */ = {
			isa = XCConfigurationList;
			buildConfigurations = (
				FFE337B525D58F530096D26C /* Debug */,
				FFE337B625D58F530096D26C /* Release */,
			);
			defaultConfigurationIsVisible = 0;
			defaultConfigurationName = Release;
		};
		FFE337B725D58F530096D26C /* Build configuration list for PBXNativeTarget "AnimationsTests" */ = {
			isa = XCConfigurationList;
			buildConfigurations = (
				FFE337B825D58F530096D26C /* Debug */,
				FFE337B925D58F530096D26C /* Release */,
			);
			defaultConfigurationIsVisible = 0;
			defaultConfigurationName = Release;
		};
		FFE337BA25D58F530096D26C /* Build configuration list for PBXNativeTarget "AnimationsUITests" */ = {
			isa = XCConfigurationList;
			buildConfigurations = (
				FFE337BB25D58F530096D26C /* Debug */,
				FFE337BC25D58F530096D26C /* Release */,
			);
			defaultConfigurationIsVisible = 0;
			defaultConfigurationName = Release;
		};
/* End XCConfigurationList section */
	};
	rootObject = FFE3378225D58F4F0096D26C /* Project object */;
}
